SITE
  remote: http://community.opscode.com/api/v1
  specs:
    apt (1.4.2)
    bluepill (1.0.4)
    build-essential (1.0.2)
    chef_handler (1.0.6)
    cron (1.0.0)
    dmg (1.0.0)
    git (1.0.0)
      dmg (>= 0.0.0)
      runit (>= 0.0.0)
      yum (>= 0.0.0)
    nginx (0.101.2)
      bluepill (>= 0.0.0)
      build-essential (>= 0.0.0)
      ohai (~> 1.0.2)
      runit (>= 0.0.0)
    ohai (1.0.2)
    openssh (0.8.0)
    openssl (1.0.0)
    rsync (0.7.0)
    runit (0.15.0)
    sqlite (0.7.0)
    sudo (1.1.0)
    tmux (1.0.0)
    users (1.1.2)
    vim (1.0.2)
    xml (1.0.2)
    yum (0.6.0)
    zlib (1.0.0)
    zsh (0.7.0)

GIT
  remote: git://github.com/btm/minitest-handler-cookbook.git
  ref: master
  sha: 22f52e8c4071a01a8641b06e204f8a71daaba373
  specs:
    minitest-handler (0.0.7)

GIT
  remote: git://github.com/iafonov/simple_cuke.git
  ref: master
  sha: 290b99c27f8547f97744fa0848c5e62da970de99
  specs:
    simple_cuke (0.0.2)
      chef_handler (>= 0.0.0)

DEPENDENCIES
  apt (>= 0)
  build-essential (>= 0)
  chef_handler (>= 0)
  cron (>= 0)
  git (>= 0)
  minitest-handler (>= 0)
  nginx (>= 0)
  openssh (>= 0)
  openssl (>= 0)
  rsync (>= 0)
  simple_cuke (>= 0)
  sqlite (>= 0)
  sudo (>= 0)
  tmux (>= 0)
  users (>= 0)
  vim (>= 0)
  xml (>= 0)
  zlib (>= 0)
  zsh (>= 0)

